
Microsoft Visual Studio Solution File, Format Version 12.00
# Visual Studio Version 16
VisualStudioVersion = 16.0.29509.3
MinimumVisualStudioVersion = 10.0.40219.1
Project("{9A19103F-16F7-4668-BE54-9A1E7A4F7556}") = "NewsWebApp", "NewsWebApp.csproj", "{880E178F-FDB7-43EB-B097-A53EFAEE01E7}"
EndProject
Project("{9A19103F-16F7-4668-BE54-9A1E7A4F7556}") = "NewsWebApp.Tests", "..\NewsWebApp.Tests\NewsWebApp.Tests.csproj", "{3C77EF91-2275-4430-B0F2-BA39BAF19B38}"
EndProject
Global
	GlobalSection(SolutionConfigurationPlatforms) = preSolution
		Debug|Any CPU = Debug|Any CPU
		Release|Any CPU = Release|Any CPU
	EndGlobalSection
	GlobalSection(ProjectConfigurationPlatforms) = postSolution
		{880E178F-FDB7-43EB-B097-A53EFAEE01E7}.Debug|Any CPU.ActiveCfg = Debug|Any CPU
		{880E178F-FDB7-43EB-B097-A53EFAEE01E7}.Debug|Any CPU.Build.0 = Debug|Any CPU
		{880E178F-FDB7-43EB-B097-A53EFAEE01E7}.Release|Any CPU.ActiveCfg = Release|Any CPU
		{880E178F-FDB7-43EB-B097-A53EFAEE01E7}.Release|Any CPU.Build.0 = Release|Any CPU
		{3C77EF91-2275-4430-B0F2-BA39BAF19B38}.Debug|Any CPU.ActiveCfg = Debug|Any CPU
		{3C77EF91-2275-4430-B0F2-BA39BAF19B38}.Debug|Any CPU.Build.0 = Debug|Any CPU
		{3C77EF91-2275-4430-B0F2-BA39BAF19B38}.Release|Any CPU.ActiveCfg = Release|Any CPU
		{3C77EF91-2275-4430-B0F2-BA39BAF19B38}.Release|Any CPU.Build.0 = Release|Any CPU
	EndGlobalSection
	GlobalSection(SolutionProperties) = preSolution
		HideSolutionNode = FALSE
	EndGlobalSection
	GlobalSection(ExtensibilityGlobals) = postSolution
		SolutionGuid = {D5828027-539E-4CC8-9AE0-EBABCE70B410}
	EndGlobalSection
EndGlobal
